
Microsoft Visual Studio Solution File, Format Version 12.00
# Visual Studio Version 17
VisualStudioVersion = 17.7.34024.191
MinimumVisualStudioVersion = 10.0.40219.1
Project("{FAE04EC0-301F-11D3-BF4B-00C04F79EFBC}") = "BlazorTest1", "BlazorTest1\BlazorTest1.csproj", "{F1EB777E-4108-4EA3-8425-BBDDA9084854}"
EndProject
Global
	GlobalSection(SolutionConfigurationPlatforms) = preSolution
		Debug|Any CPU = Debug|Any CPU
		Release|Any CPU = Release|Any CPU
	EndGlobalSection
	GlobalSection(ProjectConfigurationPlatforms) = postSolution
		{F1EB777E-4108-4EA3-8425-BBDDA9084854}.Debug|Any CPU.ActiveCfg = Debug|Any CPU
		{F1EB777E-4108-4EA3-8425-BBDDA9084854}.Debug|Any CPU.Build.0 = Debug|Any CPU
		{F1EB777E-4108-4EA3-8425-BBDDA9084854}.Release|Any CPU.ActiveCfg = Release|Any CPU
		{F1EB777E-4108-4EA3-8425-BBDDA9084854}.Release|Any CPU.Build.0 = Release|Any CPU
	EndGlobalSection
	GlobalSection(SolutionProperties) = preSolution
		HideSolutionNode = FALSE
	EndGlobalSection
	GlobalSection(ExtensibilityGlobals) = postSolution
		SolutionGuid = {63503407-2C8B-4971-9656-0AA34F897C08}
	EndGlobalSection
EndGlobal
